
Microsoft Visual Studio Solution File, Format Version 12.00
# Visual Studio Version 17
VisualStudioVersion = 17.4.33122.133
MinimumVisualStudioVersion = 10.0.40219.1
Project("{FAE04EC0-301F-11D3-BF4B-00C04F79EFBC}") = "StackSkobki", "StackSkobki.csproj", "{C05D5D4E-C7BD-4E79-A956-CFE7B141BC56}"
EndProject
Global
	GlobalSection(SolutionConfigurationPlatforms) = preSolution
		Debug|Any CPU = Debug|Any CPU
		Release|Any CPU = Release|Any CPU
	EndGlobalSection
	GlobalSection(ProjectConfigurationPlatforms) = postSolution
		{C05D5D4E-C7BD-4E79-A956-CFE7B141BC56}.Debug|Any CPU.ActiveCfg = Debug|Any CPU
		{C05D5D4E-C7BD-4E79-A956-CFE7B141BC56}.Debug|Any CPU.Build.0 = Debug|Any CPU
		{C05D5D4E-C7BD-4E79-A956-CFE7B141BC56}.Release|Any CPU.ActiveCfg = Release|Any CPU
		{C05D5D4E-C7BD-4E79-A956-CFE7B141BC56}.Release|Any CPU.Build.0 = Release|Any CPU
	EndGlobalSection
	GlobalSection(SolutionProperties) = preSolution
		HideSolutionNode = FALSE
	EndGlobalSection
	GlobalSection(ExtensibilityGlobals) = postSolution
		SolutionGuid = {A2F7EEB7-4807-42F3-9D8A-6D6DA5867E48}
	EndGlobalSection
EndGlobal
